
Microsoft Visual Studio Solution File, Format Version 12.00
Project("{FAE04EC0-301F-11D3-BF4B-00C04F79EFBC}") = "DevBlog", "DevBlog\DevBlog.csproj", "{0B89B296-0695-4123-9496-21A450DCDB87}"
EndProject
Project("{FAE04EC0-301F-11D3-BF4B-00C04F79EFBC}") = "StaticSiteGenerator", "StaticSiteGenerator\StaticSiteGenerator.csproj", "{A0125501-D81F-47A2-82D9-2677D2B7CEE2}"
EndProject
Global
	GlobalSection(SolutionConfigurationPlatforms) = preSolution
		Debug|Any CPU = Debug|Any CPU
		Release|Any CPU = Release|Any CPU
	EndGlobalSection
	GlobalSection(ProjectConfigurationPlatforms) = postSolution
		{0B89B296-0695-4123-9496-21A450DCDB87}.Debug|Any CPU.ActiveCfg = Debug|Any CPU
		{0B89B296-0695-4123-9496-21A450DCDB87}.Debug|Any CPU.Build.0 = Debug|Any CPU
		{0B89B296-0695-4123-9496-21A450DCDB87}.Release|Any CPU.ActiveCfg = Release|Any CPU
		{0B89B296-0695-4123-9496-21A450DCDB87}.Release|Any CPU.Build.0 = Release|Any CPU
		{A0125501-D81F-47A2-82D9-2677D2B7CEE2}.Debug|Any CPU.ActiveCfg = Debug|Any CPU
		{A0125501-D81F-47A2-82D9-2677D2B7CEE2}.Debug|Any CPU.Build.0 = Debug|Any CPU
		{A0125501-D81F-47A2-82D9-2677D2B7CEE2}.Release|Any CPU.ActiveCfg = Release|Any CPU
		{A0125501-D81F-47A2-82D9-2677D2B7CEE2}.Release|Any CPU.Build.0 = Release|Any CPU
	EndGlobalSection
EndGlobal
